
Microsoft Visual Studio Solution File, Format Version 12.00
# Visual Studio 15
VisualStudioVersion = 15.0.27428.2037
MinimumVisualStudioVersion = 10.0.40219.1
Project("{FAE04EC0-301F-11D3-BF4B-00C04F79EFBC}") = "ConsoleApplication2", "ConsoleApplication2\ConsoleApplication2.csproj", "{AEB903C3-E85A-4BC8-AC53-75842559DCC7}"
EndProject
Project("{2150E333-8FDC-42A3-9474-1A3956D46DE8}") = "Solution Items", "Solution Items", "{BD978325-9FD4-4AC4-A314-756D61914211}"
	ProjectSection(SolutionItems) = preProject
		README.md = README.md
	EndProjectSection
EndProject
Project("{FAE04EC0-301F-11D3-BF4B-00C04F79EFBC}") = "NominaXML", "NominaXML\NominaXML.csproj", "{93EB9D3F-DF6B-48E9-9C00-A84C6B3F9BDB}"
EndProject
Global
	GlobalSection(SolutionConfigurationPlatforms) = preSolution
		Debug|Any CPU = Debug|Any CPU
		Release|Any CPU = Release|Any CPU
	EndGlobalSection
	GlobalSection(ProjectConfigurationPlatforms) = postSolution
		{AEB903C3-E85A-4BC8-AC53-75842559DCC7}.Debug|Any CPU.ActiveCfg = Debug|Any CPU
		{AEB903C3-E85A-4BC8-AC53-75842559DCC7}.Debug|Any CPU.Build.0 = Debug|Any CPU
		{AEB903C3-E85A-4BC8-AC53-75842559DCC7}.Release|Any CPU.ActiveCfg = Release|Any CPU
		{AEB903C3-E85A-4BC8-AC53-75842559DCC7}.Release|Any CPU.Build.0 = Release|Any CPU
		{93EB9D3F-DF6B-48E9-9C00-A84C6B3F9BDB}.Debug|Any CPU.ActiveCfg = Debug|Any CPU
		{93EB9D3F-DF6B-48E9-9C00-A84C6B3F9BDB}.Debug|Any CPU.Build.0 = Debug|Any CPU
		{93EB9D3F-DF6B-48E9-9C00-A84C6B3F9BDB}.Release|Any CPU.ActiveCfg = Release|Any CPU
		{93EB9D3F-DF6B-48E9-9C00-A84C6B3F9BDB}.Release|Any CPU.Build.0 = Release|Any CPU
	EndGlobalSection
	GlobalSection(SolutionProperties) = preSolution
		HideSolutionNode = FALSE
	EndGlobalSection
	GlobalSection(ExtensibilityGlobals) = postSolution
		SolutionGuid = {FCF02F52-C092-4A9C-B31B-5972D47E5981}
	EndGlobalSection
EndGlobal
